
Microsoft Visual Studio Solution File, Format Version 12.00
# Visual Studio Version 17
VisualStudioVersion = 17.7.34031.279
MinimumVisualStudioVersion = 10.0.40219.1
Project("{9A19103F-16F7-4668-BE54-9A1E7A4F7556}") = "IT481_M2_Part2", "IT481_M2_Part2\IT481_M2_Part2.csproj", "{AE2C9F54-16FB-49E6-9993-62717F5EE66D}"
EndProject
Global
	GlobalSection(SolutionConfigurationPlatforms) = preSolution
		Debug|Any CPU = Debug|Any CPU
		Release|Any CPU = Release|Any CPU
	EndGlobalSection
	GlobalSection(ProjectConfigurationPlatforms) = postSolution
		{AE2C9F54-16FB-49E6-9993-62717F5EE66D}.Debug|Any CPU.ActiveCfg = Debug|Any CPU
		{AE2C9F54-16FB-49E6-9993-62717F5EE66D}.Debug|Any CPU.Build.0 = Debug|Any CPU
		{AE2C9F54-16FB-49E6-9993-62717F5EE66D}.Release|Any CPU.ActiveCfg = Release|Any CPU
		{AE2C9F54-16FB-49E6-9993-62717F5EE66D}.Release|Any CPU.Build.0 = Release|Any CPU
	EndGlobalSection
	GlobalSection(SolutionProperties) = preSolution
		HideSolutionNode = FALSE
	EndGlobalSection
	GlobalSection(ExtensibilityGlobals) = postSolution
		SolutionGuid = {D891955C-9D7F-47AF-8973-972203F9B3FF}
	EndGlobalSection
EndGlobal
